
Microsoft Visual Studio Solution File, Format Version 12.00
# Visual Studio Version 16
VisualStudioVersion = 16.0.29709.97
MinimumVisualStudioVersion = 10.0.40219.1
Project("{FAE04EC0-301F-11D3-BF4B-00C04F79EFBC}") = "Majasdarbs_klases", "Majasdarbs_klases\Majasdarbs_klases.csproj", "{8F7CBF50-097E-4D11-BAFE-8F33FB346EB0}"
EndProject
Global
	GlobalSection(SolutionConfigurationPlatforms) = preSolution
		Debug|Any CPU = Debug|Any CPU
		Release|Any CPU = Release|Any CPU
	EndGlobalSection
	GlobalSection(ProjectConfigurationPlatforms) = postSolution
		{8F7CBF50-097E-4D11-BAFE-8F33FB346EB0}.Debug|Any CPU.ActiveCfg = Debug|Any CPU
		{8F7CBF50-097E-4D11-BAFE-8F33FB346EB0}.Debug|Any CPU.Build.0 = Debug|Any CPU
		{8F7CBF50-097E-4D11-BAFE-8F33FB346EB0}.Release|Any CPU.ActiveCfg = Release|Any CPU
		{8F7CBF50-097E-4D11-BAFE-8F33FB346EB0}.Release|Any CPU.Build.0 = Release|Any CPU
	EndGlobalSection
	GlobalSection(SolutionProperties) = preSolution
		HideSolutionNode = FALSE
	EndGlobalSection
	GlobalSection(ExtensibilityGlobals) = postSolution
		SolutionGuid = {C5A1EE82-4D70-43B5-B203-267F0240357B}
	EndGlobalSection
EndGlobal
