
Microsoft Visual Studio Solution File, Format Version 12.00
# Visual Studio Version 16
VisualStudioVersion = 16.0.29709.97
MinimumVisualStudioVersion = 10.0.40219.1
Project("{FAE04EC0-301F-11D3-BF4B-00C04F79EFBC}") = "Diena_3", "Diena_3\Diena_3.csproj", "{F582786D-3D53-454D-BE73-2581883EA7C8}"
EndProject
Global
	GlobalSection(SolutionConfigurationPlatforms) = preSolution
		Debug|Any CPU = Debug|Any CPU
		Release|Any CPU = Release|Any CPU
	EndGlobalSection
	GlobalSection(ProjectConfigurationPlatforms) = postSolution
		{F582786D-3D53-454D-BE73-2581883EA7C8}.Debug|Any CPU.ActiveCfg = Debug|Any CPU
		{F582786D-3D53-454D-BE73-2581883EA7C8}.Debug|Any CPU.Build.0 = Debug|Any CPU
		{F582786D-3D53-454D-BE73-2581883EA7C8}.Release|Any CPU.ActiveCfg = Release|Any CPU
		{F582786D-3D53-454D-BE73-2581883EA7C8}.Release|Any CPU.Build.0 = Release|Any CPU
	EndGlobalSection
	GlobalSection(SolutionProperties) = preSolution
		HideSolutionNode = FALSE
	EndGlobalSection
	GlobalSection(ExtensibilityGlobals) = postSolution
		SolutionGuid = {909D1795-4526-430C-A2F7-8FE5B6834601}
	EndGlobalSection
EndGlobal
