
Microsoft Visual Studio Solution File, Format Version 12.00
# Visual Studio Version 16
VisualStudioVersion = 16.0.29709.97
MinimumVisualStudioVersion = 10.0.40219.1
Project("{FAE04EC0-301F-11D3-BF4B-00C04F79EFBC}") = "Diena_6_new", "Diena_6_new\Diena_6_new.csproj", "{D5824FF4-EBCE-4EA6-823A-F76A004AF7DA}"
EndProject
Global
	GlobalSection(SolutionConfigurationPlatforms) = preSolution
		Debug|Any CPU = Debug|Any CPU
		Release|Any CPU = Release|Any CPU
	EndGlobalSection
	GlobalSection(ProjectConfigurationPlatforms) = postSolution
		{D5824FF4-EBCE-4EA6-823A-F76A004AF7DA}.Debug|Any CPU.ActiveCfg = Debug|Any CPU
		{D5824FF4-EBCE-4EA6-823A-F76A004AF7DA}.Debug|Any CPU.Build.0 = Debug|Any CPU
		{D5824FF4-EBCE-4EA6-823A-F76A004AF7DA}.Release|Any CPU.ActiveCfg = Release|Any CPU
		{D5824FF4-EBCE-4EA6-823A-F76A004AF7DA}.Release|Any CPU.Build.0 = Release|Any CPU
	EndGlobalSection
	GlobalSection(SolutionProperties) = preSolution
		HideSolutionNode = FALSE
	EndGlobalSection
	GlobalSection(ExtensibilityGlobals) = postSolution
		SolutionGuid = {1B75F24C-C88A-428B-8ECD-C2D6851EB8F2}
	EndGlobalSection
EndGlobal
