
Microsoft Visual Studio Solution File, Format Version 12.00
# Visual Studio Version 16
VisualStudioVersion = 16.0.29709.97
MinimumVisualStudioVersion = 10.0.40219.1
Project("{FAE04EC0-301F-11D3-BF4B-00C04F79EFBC}") = "Majasdarbs_masivi", "Majasdarbs_masivi\Majasdarbs_masivi.csproj", "{43584843-D2E9-4038-AD17-A099AE9EABA9}"
EndProject
Global
	GlobalSection(SolutionConfigurationPlatforms) = preSolution
		Debug|Any CPU = Debug|Any CPU
		Release|Any CPU = Release|Any CPU
	EndGlobalSection
	GlobalSection(ProjectConfigurationPlatforms) = postSolution
		{43584843-D2E9-4038-AD17-A099AE9EABA9}.Debug|Any CPU.ActiveCfg = Debug|Any CPU
		{43584843-D2E9-4038-AD17-A099AE9EABA9}.Debug|Any CPU.Build.0 = Debug|Any CPU
		{43584843-D2E9-4038-AD17-A099AE9EABA9}.Release|Any CPU.ActiveCfg = Release|Any CPU
		{43584843-D2E9-4038-AD17-A099AE9EABA9}.Release|Any CPU.Build.0 = Release|Any CPU
	EndGlobalSection
	GlobalSection(SolutionProperties) = preSolution
		HideSolutionNode = FALSE
	EndGlobalSection
	GlobalSection(ExtensibilityGlobals) = postSolution
		SolutionGuid = {A2504427-D358-4779-BBA6-A51A1FD7DE94}
	EndGlobalSection
EndGlobal
