
Microsoft Visual Studio Solution File, Format Version 12.00
# Visual Studio Version 16
VisualStudioVersion = 16.0.29709.97
MinimumVisualStudioVersion = 10.0.40219.1
Project("{FAE04EC0-301F-11D3-BF4B-00C04F79EFBC}") = "Diena2_mainigie", "Diena2_mainigie\Diena2_mainigie.csproj", "{4D113559-FBED-4635-AAB0-6FE542869BAF}"
EndProject
Global
	GlobalSection(SolutionConfigurationPlatforms) = preSolution
		Debug|Any CPU = Debug|Any CPU
		Release|Any CPU = Release|Any CPU
	EndGlobalSection
	GlobalSection(ProjectConfigurationPlatforms) = postSolution
		{4D113559-FBED-4635-AAB0-6FE542869BAF}.Debug|Any CPU.ActiveCfg = Debug|Any CPU
		{4D113559-FBED-4635-AAB0-6FE542869BAF}.Debug|Any CPU.Build.0 = Debug|Any CPU
		{4D113559-FBED-4635-AAB0-6FE542869BAF}.Release|Any CPU.ActiveCfg = Release|Any CPU
		{4D113559-FBED-4635-AAB0-6FE542869BAF}.Release|Any CPU.Build.0 = Release|Any CPU
	EndGlobalSection
	GlobalSection(SolutionProperties) = preSolution
		HideSolutionNode = FALSE
	EndGlobalSection
	GlobalSection(ExtensibilityGlobals) = postSolution
		SolutionGuid = {FCA38A50-5C6A-4DB6-8567-9500C1276D27}
	EndGlobalSection
EndGlobal
