
Microsoft Visual Studio Solution File, Format Version 12.00
# Visual Studio Version 16
VisualStudioVersion = 16.0.29709.97
MinimumVisualStudioVersion = 10.0.40219.1
Project("{FAE04EC0-301F-11D3-BF4B-00C04F79EFBC}") = "Diena3_metodes", "Diena3_metodes\Diena3_metodes.csproj", "{1A9375CA-179E-469B-807D-8752D80F1AB7}"
EndProject
Global
	GlobalSection(SolutionConfigurationPlatforms) = preSolution
		Debug|Any CPU = Debug|Any CPU
		Release|Any CPU = Release|Any CPU
	EndGlobalSection
	GlobalSection(ProjectConfigurationPlatforms) = postSolution
		{1A9375CA-179E-469B-807D-8752D80F1AB7}.Debug|Any CPU.ActiveCfg = Debug|Any CPU
		{1A9375CA-179E-469B-807D-8752D80F1AB7}.Debug|Any CPU.Build.0 = Debug|Any CPU
		{1A9375CA-179E-469B-807D-8752D80F1AB7}.Release|Any CPU.ActiveCfg = Release|Any CPU
		{1A9375CA-179E-469B-807D-8752D80F1AB7}.Release|Any CPU.Build.0 = Release|Any CPU
	EndGlobalSection
	GlobalSection(SolutionProperties) = preSolution
		HideSolutionNode = FALSE
	EndGlobalSection
	GlobalSection(ExtensibilityGlobals) = postSolution
		SolutionGuid = {3E97DAA2-1937-4E97-A089-CE9D4D8DE29E}
	EndGlobalSection
EndGlobal
